
Microsoft Visual Studio Solution File, Format Version 12.00
# Visual Studio Version 16
VisualStudioVersion = 16.0.31605.320
MinimumVisualStudioVersion = 10.0.40219.1
Project("{FAE04EC0-301F-11D3-BF4B-00C04F79EFBC}") = "file io", "file io.csproj", "{AB0E11D6-BB21-4A92-BF3D-74DDD1FB9045}"
EndProject
Global
	GlobalSection(SolutionConfigurationPlatforms) = preSolution
		Debug|Any CPU = Debug|Any CPU
		Release|Any CPU = Release|Any CPU
	EndGlobalSection
	GlobalSection(ProjectConfigurationPlatforms) = postSolution
		{AB0E11D6-BB21-4A92-BF3D-74DDD1FB9045}.Debug|Any CPU.ActiveCfg = Debug|Any CPU
		{AB0E11D6-BB21-4A92-BF3D-74DDD1FB9045}.Debug|Any CPU.Build.0 = Debug|Any CPU
		{AB0E11D6-BB21-4A92-BF3D-74DDD1FB9045}.Release|Any CPU.ActiveCfg = Release|Any CPU
		{AB0E11D6-BB21-4A92-BF3D-74DDD1FB9045}.Release|Any CPU.Build.0 = Release|Any CPU
	EndGlobalSection
	GlobalSection(SolutionProperties) = preSolution
		HideSolutionNode = FALSE
	EndGlobalSection
	GlobalSection(ExtensibilityGlobals) = postSolution
		SolutionGuid = {F84BC7FD-F0F4-46C4-AD2A-C964B0C60C31}
	EndGlobalSection
EndGlobal
