
Microsoft Visual Studio Solution File, Format Version 12.00
# Visual Studio Version 17
VisualStudioVersion = 17.0.32014.148
MinimumVisualStudioVersion = 10.0.40219.1
Project("{FAE04EC0-301F-11D3-BF4B-00C04F79EFBC}") = "olvasasgyak", "olvasasgyak\olvasasgyak.csproj", "{94AD89D6-7CCF-4315-A990-D3492770922D}"
EndProject
Global
	GlobalSection(SolutionConfigurationPlatforms) = preSolution
		Debug|Any CPU = Debug|Any CPU
		Release|Any CPU = Release|Any CPU
	EndGlobalSection
	GlobalSection(ProjectConfigurationPlatforms) = postSolution
		{94AD89D6-7CCF-4315-A990-D3492770922D}.Debug|Any CPU.ActiveCfg = Debug|Any CPU
		{94AD89D6-7CCF-4315-A990-D3492770922D}.Debug|Any CPU.Build.0 = Debug|Any CPU
		{94AD89D6-7CCF-4315-A990-D3492770922D}.Release|Any CPU.ActiveCfg = Release|Any CPU
		{94AD89D6-7CCF-4315-A990-D3492770922D}.Release|Any CPU.Build.0 = Release|Any CPU
	EndGlobalSection
	GlobalSection(SolutionProperties) = preSolution
		HideSolutionNode = FALSE
	EndGlobalSection
	GlobalSection(ExtensibilityGlobals) = postSolution
		SolutionGuid = {2597DF18-F02E-4499-AEA4-9A6F65919F52}
	EndGlobalSection
EndGlobal
