
Microsoft Visual Studio Solution File, Format Version 12.00
# Visual Studio Version 17
VisualStudioVersion = 17.0.32014.148
MinimumVisualStudioVersion = 10.0.40219.1
Project("{FAE04EC0-301F-11D3-BF4B-00C04F79EFBC}") = "formgyak", "formgyak\formgyak.csproj", "{C123CEB6-EE0F-4258-8C1F-B02C1D135893}"
EndProject
Global
	GlobalSection(SolutionConfigurationPlatforms) = preSolution
		Debug|Any CPU = Debug|Any CPU
		Release|Any CPU = Release|Any CPU
	EndGlobalSection
	GlobalSection(ProjectConfigurationPlatforms) = postSolution
		{C123CEB6-EE0F-4258-8C1F-B02C1D135893}.Debug|Any CPU.ActiveCfg = Debug|Any CPU
		{C123CEB6-EE0F-4258-8C1F-B02C1D135893}.Debug|Any CPU.Build.0 = Debug|Any CPU
		{C123CEB6-EE0F-4258-8C1F-B02C1D135893}.Release|Any CPU.ActiveCfg = Release|Any CPU
		{C123CEB6-EE0F-4258-8C1F-B02C1D135893}.Release|Any CPU.Build.0 = Release|Any CPU
	EndGlobalSection
	GlobalSection(SolutionProperties) = preSolution
		HideSolutionNode = FALSE
	EndGlobalSection
	GlobalSection(ExtensibilityGlobals) = postSolution
		SolutionGuid = {F5C4E8C3-CB41-4D10-A2D2-56D993CFDE44}
	EndGlobalSection
EndGlobal
